
Microsoft Visual Studio Solution File, Format Version 12.00
# Visual Studio Version 17
VisualStudioVersion = 17.7.34221.43
MinimumVisualStudioVersion = 10.0.40219.1
Project("{FAE04EC0-301F-11D3-BF4B-00C04F79EFBC}") = "Akos", "Akos\Akos.csproj", "{A9F0757C-2580-4F3A-A6DB-0D6D87DEB843}"
EndProject
Global
	GlobalSection(SolutionConfigurationPlatforms) = preSolution
		Debug|Any CPU = Debug|Any CPU
		Release|Any CPU = Release|Any CPU
	EndGlobalSection
	GlobalSection(ProjectConfigurationPlatforms) = postSolution
		{A9F0757C-2580-4F3A-A6DB-0D6D87DEB843}.Debug|Any CPU.ActiveCfg = Debug|Any CPU
		{A9F0757C-2580-4F3A-A6DB-0D6D87DEB843}.Debug|Any CPU.Build.0 = Debug|Any CPU
		{A9F0757C-2580-4F3A-A6DB-0D6D87DEB843}.Release|Any CPU.ActiveCfg = Release|Any CPU
		{A9F0757C-2580-4F3A-A6DB-0D6D87DEB843}.Release|Any CPU.Build.0 = Release|Any CPU
	EndGlobalSection
	GlobalSection(SolutionProperties) = preSolution
		HideSolutionNode = FALSE
	EndGlobalSection
	GlobalSection(ExtensibilityGlobals) = postSolution
		SolutionGuid = {CB0AA51A-0A82-44C9-9349-0CE90F5D0C10}
	EndGlobalSection
EndGlobal
